{
  "version": 4,
  "terraform_version": "0.12.10",
  "serial": 1,
  "lineage": "783743f7-8d94-764a-c35a-e4b4ed7cab7c",
  "outputs": {},
  "resources": [
    {
      "mode": "managed",
      "type": "aws_s3_bucket",
      "name": "dm_s3_res",
      "provider": "provider.aws",
      "instances": [
        {
          "schema_version": 0,
          "attributes": {
            "acceleration_status": "",
            "acl": "private",
            "arn": "arn:aws:s3:::khese-terraform-statefile-test",
            "bucket": "khese-terraform-statefile-test",
            "bucket_domain_name": "khese-terraform-statefile-test.s3.amazonaws.com",
            "bucket_prefix": null,
            "bucket_regional_domain_name": "khese-terraform-statefile-test.s3.ca-central-1.amazonaws.com",
            "cors_rule": [],
            "force_destroy": false,
            "hosted_zone_id": "Z1QDHH18159H29",
            "id": "khese-terraform-statefile-test",
            "lifecycle_rule": [],
            "logging": [],
            "object_lock_configuration": [],
            "policy": null,
            "region": "ca-central-1",
            "replication_configuration": [],
            "request_payer": "BucketOwner",
            "server_side_encryption_configuration": [],
            "tags": {
              "Environment": "Dev",
              "Name": "my_s3_bucket"
            },
            "versioning": [
              {
                "enabled": false,
                "mfa_delete": false
              }
            ],
            "website": [],
            "website_domain": null,
            "website_endpoint": null
          },
          "private": "bnVsbA=="
        }
      ]
    }
  ]
}
