{
  "version": 4,
  "terraform_version": "0.12.10",
  "serial": 89,
  "lineage": "3031f2de-1841-bf2e-a29c-ef8616caba7b",
  "outputs": {},
  "resources": [
    {
      "mode": "data",
      "type": "template_cloudinit_config",
      "name": "dev_script",
      "provider": "provider.template",
      "instances": [
        {
          "schema_version": 0,
          "attributes": {
            "base64_encode": true,
            "gzip": true,
            "id": "4167620404",
            "part": [
              {
                "content": "#!/bin/bash\r\n\r\n# Capture Verbose Output\r\n\r\nset -o errexit\r\nset -o nounset\r\nset -o pipefail\r\n\r\nsudo yum update -y\r\nsudo yum install epel-release\r\nsudo yum install ansible\r\n",
                "content_type": "text/x-shellscript",
                "filename": "",
                "merge_type": ""
              }
            ],
            "rendered": "H4sIAAAAAAAA/2yQQUszMRCG74H9D/P1O8fVk1DxoLUHD7UgWvCYdN/agewkJBPY/feyi+hCPT7zvjMPzCaKQtS+jQlr6mtQTi5r2/OA7o58rNK5PN6vds+77eP+/eXp4fVjZSayB+TCUdZ0c3XdmMZYuyw15ud2dlJOyHYrx9ixfK7p1rMuCrNcMWg72HJGCOWYOWljdtzjwvP/X+tZWu/KeUbauKQ1gw7IPhbQvmqqOmUFSjYScsYwGb9ZYpWCX06ccHIc5pXaRRprTzV1TkF2XMxYiroQCAnBZgS4gj9iJ4V9wOVTrG3MVwAAAP//fckjwHMBAAA="
          },
          "depends_on": [
            "data.template_file.dev_post_boot_script"
          ]
        }
      ]
    },
    {
      "mode": "data",
      "type": "template_file",
      "name": "dev_post_boot_script",
      "provider": "provider.template",
      "instances": [
        {
          "schema_version": 0,
          "attributes": {
            "filename": null,
            "id": "9426f327c439968a33c26145e417753975d85ec183a9905b6ebdccd3dbe59bed",
            "rendered": "#!/bin/bash\r\n\r\n# Capture Verbose Output\r\n\r\nset -o errexit\r\nset -o nounset\r\nset -o pipefail\r\n\r\nsudo yum update -y\r\nsudo yum install epel-release\r\nsudo yum install ansible\r\n",
            "template": "#!/bin/bash\r\n\r\n# Capture Verbose Output\r\n\r\nset -o errexit\r\nset -o nounset\r\nset -o pipefail\r\n\r\nsudo yum update -y\r\nsudo yum install epel-release\r\nsudo yum install ansible\r\n",
            "vars": null
          }
        }
      ]
    },
    {
      "mode": "managed",
      "type": "aws_instance",
      "name": "instance_demo",
      "each": "list",
      "provider": "provider.aws",
      "instances": [
        {
          "index_key": 0,
          "schema_version": 1,
          "attributes": {
            "ami": "ami-09cb623ff4de9f9e4",
            "arn": "arn:aws:ec2:ca-central-1:952633946680:instance/i-087cc3cb930be627d",
            "associate_public_ip_address": true,
            "availability_zone": "ca-central-1a",
            "cpu_core_count": 1,
            "cpu_threads_per_core": 1,
            "credit_specification": [
              {
                "cpu_credits": "standard"
              }
            ],
            "disable_api_termination": false,
            "ebs_block_device": [],
            "ebs_optimized": false,
            "ephemeral_block_device": [],
            "get_password_data": false,
            "host_id": null,
            "iam_instance_profile": "",
            "id": "i-087cc3cb930be627d",
            "instance_initiated_shutdown_behavior": null,
            "instance_state": "running",
            "instance_type": "t2.micro",
            "ipv6_address_count": 0,
            "ipv6_addresses": [],
            "key_name": "terraform-key",
            "monitoring": false,
            "network_interface": [],
            "network_interface_id": null,
            "password_data": "",
            "placement_group": "",
            "primary_network_interface_id": "eni-09ddc1a577da17be2",
            "private_dns": "ip-172-31-29-126.ca-central-1.compute.internal",
            "private_ip": "172.31.29.126",
            "public_dns": "ec2-35-183-35-127.ca-central-1.compute.amazonaws.com",
            "public_ip": "35.183.35.127",
            "root_block_device": [
              {
                "delete_on_termination": true,
                "encrypted": false,
                "iops": 300,
                "kms_key_id": "",
                "volume_id": "vol-022d6e41f10940fae",
                "volume_size": 100,
                "volume_type": "gp2"
              }
            ],
            "security_groups": [
              "test Security group20191029055136105800000001"
            ],
            "source_dest_check": true,
            "subnet_id": "subnet-172cb77f",
            "tags": {
              "Name": "instancedemo-0"
            },
            "tenancy": "default",
            "timeouts": null,
            "user_data": null,
            "user_data_base64": null,
            "volume_tags": {},
            "vpc_security_group_ids": [
              "sg-01d71d64123c8cfe2"
            ]
          },
          "private": "eyJlMmJmYjczMC1lY2FhLTExZTYtOGY4OC0zNDM2M2JjN2M0YzAiOnsiY3JlYXRlIjo2MDAwMDAwMDAwMDAsImRlbGV0ZSI6MTIwMDAwMDAwMDAwMCwidXBkYXRlIjo2MDAwMDAwMDAwMDB9LCJzY2hlbWFfdmVyc2lvbiI6IjEifQ==",
          "depends_on": [
            "aws_security_group.tf_test_sg"
          ]
        }
      ]
    },
    {
      "mode": "managed",
      "type": "aws_security_group",
      "name": "tf_test_sg",
      "provider": "provider.aws",
      "instances": [
        {
          "schema_version": 1,
          "attributes": {
            "arn": "arn:aws:ec2:ca-central-1:952633946680:security-group/sg-01d71d64123c8cfe2",
            "description": "allow inbound traffic",
            "egress": [],
            "id": "sg-01d71d64123c8cfe2",
            "ingress": [],
            "name": "test Security group20191029055136105800000001",
            "name_prefix": "test Security group",
            "owner_id": "952633946680",
            "revoke_rules_on_delete": false,
            "tags": {
              "name": "terraform SG"
            },
            "timeouts": null,
            "vpc_id": "vpc-8cafdae4"
          },
          "private": "eyJlMmJmYjczMC1lY2FhLTExZTYtOGY4OC0zNDM2M2JjN2M0YzAiOnsiY3JlYXRlIjo2MDAwMDAwMDAwMDAsImRlbGV0ZSI6NjAwMDAwMDAwMDAwfSwic2NoZW1hX3ZlcnNpb24iOiIxIn0="
        }
      ]
    },
    {
      "mode": "managed",
      "type": "aws_security_group_rule",
      "name": "egress_tf_test_sg",
      "provider": "provider.aws",
      "instances": [
        {
          "schema_version": 2,
          "attributes": {
            "cidr_blocks": [
              "0.0.0.0/0"
            ],
            "description": null,
            "from_port": 0,
            "id": "sgrule-3961806877",
            "ipv6_cidr_blocks": null,
            "prefix_list_ids": null,
            "protocol": "-1",
            "security_group_id": "sg-01d71d64123c8cfe2",
            "self": false,
            "source_security_group_id": null,
            "to_port": 0,
            "type": "egress"
          },
          "private": "eyJzY2hlbWFfdmVyc2lvbiI6IjIifQ==",
          "depends_on": [
            "aws_security_group.tf_test_sg"
          ]
        }
      ]
    },
    {
      "mode": "managed",
      "type": "aws_security_group_rule",
      "name": "ssh_tf_test_sg",
      "provider": "provider.aws",
      "instances": [
        {
          "schema_version": 2,
          "attributes": {
            "cidr_blocks": [
              "0.0.0.0/0"
            ],
            "description": null,
            "from_port": 22,
            "id": "sgrule-1347951727",
            "ipv6_cidr_blocks": null,
            "prefix_list_ids": null,
            "protocol": "tcp",
            "security_group_id": "sg-01d71d64123c8cfe2",
            "self": false,
            "source_security_group_id": null,
            "to_port": 22,
            "type": "ingress"
          },
          "private": "eyJzY2hlbWFfdmVyc2lvbiI6IjIifQ==",
          "depends_on": [
            "aws_security_group.tf_test_sg"
          ]
        }
      ]
    }
  ]
}
